
Microsoft Visual Studio Solution File, Format Version 12.00
Project("{FAE04EC0-301F-11D3-BF4B-00C04F79EFBC}") = "KodalibWeb", "KodalibWeb\KodalibWeb.csproj", "{4EC68A0C-D2DE-4D0A-983C-25222000B1D9}"
EndProject
Project("{2150E333-8FDC-42A3-9474-1A3956D46DE8}") = "Data", "Data", "{ADF8EE25-BEF0-4044-863E-032E4C2B29F6}"
EndProject
Project("{FAE04EC0-301F-11D3-BF4B-00C04F79EFBC}") = "Kodalib.Data", "Kodalib.Data\Kodalib.Data.csproj", "{C1712543-ABC8-457D-BF18-DD70BB93CCD6}"
EndProject
Global
	GlobalSection(SolutionConfigurationPlatforms) = preSolution
		Debug|Any CPU = Debug|Any CPU
		Release|Any CPU = Release|Any CPU
	EndGlobalSection
	GlobalSection(ProjectConfigurationPlatforms) = postSolution
		{4EC68A0C-D2DE-4D0A-983C-25222000B1D9}.Debug|Any CPU.ActiveCfg = Debug|Any CPU
		{4EC68A0C-D2DE-4D0A-983C-25222000B1D9}.Debug|Any CPU.Build.0 = Debug|Any CPU
		{4EC68A0C-D2DE-4D0A-983C-25222000B1D9}.Release|Any CPU.ActiveCfg = Release|Any CPU
		{4EC68A0C-D2DE-4D0A-983C-25222000B1D9}.Release|Any CPU.Build.0 = Release|Any CPU
		{C1712543-ABC8-457D-BF18-DD70BB93CCD6}.Debug|Any CPU.ActiveCfg = Debug|Any CPU
		{C1712543-ABC8-457D-BF18-DD70BB93CCD6}.Debug|Any CPU.Build.0 = Debug|Any CPU
		{C1712543-ABC8-457D-BF18-DD70BB93CCD6}.Release|Any CPU.ActiveCfg = Release|Any CPU
		{C1712543-ABC8-457D-BF18-DD70BB93CCD6}.Release|Any CPU.Build.0 = Release|Any CPU
	EndGlobalSection
	GlobalSection(NestedProjects) = preSolution
		{C1712543-ABC8-457D-BF18-DD70BB93CCD6} = {ADF8EE25-BEF0-4044-863E-032E4C2B29F6}
	EndGlobalSection
EndGlobal
