
Microsoft Visual Studio Solution File, Format Version 12.00
Project("{FAE04EC0-301F-11D3-BF4B-00C04F79EFBC}") = "KodalibApi", "KodalibApi\KodalibApi.csproj", "{0B1CC7D4-D347-44AA-926B-12B86381EE9D}"
EndProject
Project("{2150E333-8FDC-42A3-9474-1A3956D46DE8}") = "Data", "Data", "{3DBDC057-1937-4C85-BB12-BAA6A14E0407}"
EndProject
Project("{FAE04EC0-301F-11D3-BF4B-00C04F79EFBC}") = "KodalibApi.Data", "KodalibApi.Data\KodalibApi.Data.csproj", "{2645BA1A-914A-485A-8110-E1180E865BBA}"
EndProject
Project("{2150E333-8FDC-42A3-9474-1A3956D46DE8}") = "Interfaces", "Interfaces", "{6E06DD6E-9721-42E6-AA4E-B476EAE6501C}"
EndProject
Project("{FAE04EC0-301F-11D3-BF4B-00C04F79EFBC}") = "KodalibApi.Interfaces", "KodalibApi.Interfaces\KodalibApi.Interfaces.csproj", "{C615ED6F-E63A-4CBC-BD0B-F7C6E845198C}"
EndProject
Project("{2150E333-8FDC-42A3-9474-1A3956D46DE8}") = "Repository", "Repository", "{3858C025-CE7B-428F-BBB7-F997FD9171DE}"
EndProject
Project("{FAE04EC0-301F-11D3-BF4B-00C04F79EFBC}") = "KodalibApi.Repository", "KodalibApi.Repository\KodalibApi.Repository.csproj", "{5B0925C9-CBB2-4985-979E-A9207A406DBD}"
EndProject
Project("{2150E333-8FDC-42A3-9474-1A3956D46DE8}") = "Service", "Service", "{DB303E32-2FED-496E-A525-A9A4440D8278}"
EndProject
Project("{FAE04EC0-301F-11D3-BF4B-00C04F79EFBC}") = "KodalibApi.Service", "KodalibApi.Service\KodalibApi.Service.csproj", "{F9982E72-84A4-4270-92C0-44C4C8682D44}"
EndProject
Project("{2150E333-8FDC-42A3-9474-1A3956D46DE8}") = "Tests", "Tests", "{41F31E0C-2E0E-426F-BB1B-CCB964830323}"
EndProject
Project("{2150E333-8FDC-42A3-9474-1A3956D46DE8}") = "DataInfill", "DataInfill", "{4B7B4F59-E889-492B-9EF7-0CEDBA0C92BE}"
EndProject
Project("{FAE04EC0-301F-11D3-BF4B-00C04F79EFBC}") = "KodalibApi.DataInfill", "KodalibApi.DataInfill\KodalibApi.DataInfill.csproj", "{A95CBA00-0316-4B89-80FF-445C02BE8038}"
EndProject
Global
	GlobalSection(SolutionConfigurationPlatforms) = preSolution
		Debug|Any CPU = Debug|Any CPU
		Release|Any CPU = Release|Any CPU
	EndGlobalSection
	GlobalSection(ProjectConfigurationPlatforms) = postSolution
		{0B1CC7D4-D347-44AA-926B-12B86381EE9D}.Debug|Any CPU.ActiveCfg = Debug|Any CPU
		{0B1CC7D4-D347-44AA-926B-12B86381EE9D}.Debug|Any CPU.Build.0 = Debug|Any CPU
		{0B1CC7D4-D347-44AA-926B-12B86381EE9D}.Release|Any CPU.ActiveCfg = Release|Any CPU
		{0B1CC7D4-D347-44AA-926B-12B86381EE9D}.Release|Any CPU.Build.0 = Release|Any CPU
		{2645BA1A-914A-485A-8110-E1180E865BBA}.Debug|Any CPU.ActiveCfg = Debug|Any CPU
		{2645BA1A-914A-485A-8110-E1180E865BBA}.Debug|Any CPU.Build.0 = Debug|Any CPU
		{2645BA1A-914A-485A-8110-E1180E865BBA}.Release|Any CPU.ActiveCfg = Release|Any CPU
		{2645BA1A-914A-485A-8110-E1180E865BBA}.Release|Any CPU.Build.0 = Release|Any CPU
		{C615ED6F-E63A-4CBC-BD0B-F7C6E845198C}.Debug|Any CPU.ActiveCfg = Debug|Any CPU
		{C615ED6F-E63A-4CBC-BD0B-F7C6E845198C}.Debug|Any CPU.Build.0 = Debug|Any CPU
		{C615ED6F-E63A-4CBC-BD0B-F7C6E845198C}.Release|Any CPU.ActiveCfg = Release|Any CPU
		{C615ED6F-E63A-4CBC-BD0B-F7C6E845198C}.Release|Any CPU.Build.0 = Release|Any CPU
		{5B0925C9-CBB2-4985-979E-A9207A406DBD}.Debug|Any CPU.ActiveCfg = Debug|Any CPU
		{5B0925C9-CBB2-4985-979E-A9207A406DBD}.Debug|Any CPU.Build.0 = Debug|Any CPU
		{5B0925C9-CBB2-4985-979E-A9207A406DBD}.Release|Any CPU.ActiveCfg = Release|Any CPU
		{5B0925C9-CBB2-4985-979E-A9207A406DBD}.Release|Any CPU.Build.0 = Release|Any CPU
		{F9982E72-84A4-4270-92C0-44C4C8682D44}.Debug|Any CPU.ActiveCfg = Debug|Any CPU
		{F9982E72-84A4-4270-92C0-44C4C8682D44}.Debug|Any CPU.Build.0 = Debug|Any CPU
		{F9982E72-84A4-4270-92C0-44C4C8682D44}.Release|Any CPU.ActiveCfg = Release|Any CPU
		{F9982E72-84A4-4270-92C0-44C4C8682D44}.Release|Any CPU.Build.0 = Release|Any CPU
		{A95CBA00-0316-4B89-80FF-445C02BE8038}.Debug|Any CPU.ActiveCfg = Debug|Any CPU
		{A95CBA00-0316-4B89-80FF-445C02BE8038}.Debug|Any CPU.Build.0 = Debug|Any CPU
		{A95CBA00-0316-4B89-80FF-445C02BE8038}.Release|Any CPU.ActiveCfg = Release|Any CPU
		{A95CBA00-0316-4B89-80FF-445C02BE8038}.Release|Any CPU.Build.0 = Release|Any CPU
	EndGlobalSection
	GlobalSection(NestedProjects) = preSolution
		{2645BA1A-914A-485A-8110-E1180E865BBA} = {3DBDC057-1937-4C85-BB12-BAA6A14E0407}
		{C615ED6F-E63A-4CBC-BD0B-F7C6E845198C} = {6E06DD6E-9721-42E6-AA4E-B476EAE6501C}
		{5B0925C9-CBB2-4985-979E-A9207A406DBD} = {3858C025-CE7B-428F-BBB7-F997FD9171DE}
		{F9982E72-84A4-4270-92C0-44C4C8682D44} = {DB303E32-2FED-496E-A525-A9A4440D8278}
		{A95CBA00-0316-4B89-80FF-445C02BE8038} = {4B7B4F59-E889-492B-9EF7-0CEDBA0C92BE}
	EndGlobalSection
EndGlobal
